<?xml version="1.0" encoding="utf-8"?>
<Project ToolsVersion="15.0" xmlns="http://schemas.microsoft.com/developer/msbuild/2003">
  <ItemGroup>
    <Filter Include="Resources">
      <UniqueIdentifier>accd3aa8-1ba0-4223-9bbe-0c431709210b</UniqueIdentifier>
      <Extensions>rc;ico;cur;bmp;dlg;rc2;rct;bin;rgs;gif;jpg;jpeg;jpe;resx;tga;tiff;tif;png;wav;mfcribbon-ms</Extensions>
    </Filter>
    <Filter Include="Generated Files">
      <UniqueIdentifier>{926ab91d-31b4-48c3-b9a4-e681349f27f0}</UniqueIdentifier>
    </Filter>
    <Filter Include="drivers">
      <UniqueIdentifier>{5d5e67fa-8125-4a53-8558-af784f726e75}</UniqueIdentifier>
    </Filter>
    <Filter Include="internals">
      <UniqueIdentifier>{dd683139-aeac-4490-b1b9-e22f4af06153}</UniqueIdentifier>
    </Filter>
    <Filter Include="react">
      <UniqueIdentifier>{043c0ce7-ee76-4fa9-9bdf-3a3301c5961b}</UniqueIdentifier>
    </Filter>
  </ItemGroup>
  <ItemGroup>
    <ClCompile Include="pch.cpp" />
    <ClCompile Include="$(GeneratedFilesDir)module.g.cpp" />
    <ClCompile Include="PostgresDriverModule.cpp">
      <Filter>drivers</Filter>
    </ClCompile>
    <ClCompile Include="$(JSI_SourcePath)\jsi\jsi.cpp">
      <Filter>internals</Filter>
    </ClCompile>
    <ClCompile Include="$(MSBuildThisFileDirectory)JSI\JsiAbiApi.cpp">
      <Filter>internals</Filter>
    </ClCompile>
    <ClCompile Include="$(MSBuildThisFileDirectory)JSI\JsiApiContext.cpp">
      <Filter>internals</Filter>
    </ClCompile>
    <ClCompile Include="$(MSBuildThisFileDirectory)JSValue.cpp">
      <Filter>internals</Filter>
    </ClCompile>
    <ClCompile Include="$(MSBuildThisFileDirectory)JSValueTreeReader.cpp">
      <Filter>internals</Filter>
    </ClCompile>
    <ClCompile Include="$(MSBuildThisFileDirectory)JSValueTreeWriter.cpp">
      <Filter>internals</Filter>
    </ClCompile>
    <ClCompile Include="$(TurboModule_SourcePath)\ReactCommon\LongLivedObject.cpp">
      <Filter>internals</Filter>
    </ClCompile>
    <ClCompile Include="$(MSBuildThisFileDirectory)ModuleRegistration.cpp">
      <Filter>internals</Filter>
    </ClCompile>
    <ClCompile Include="$(MSBuildThisFileDirectory)ReactPromise.cpp">
      <Filter>internals</Filter>
    </ClCompile>
    <ClCompile Include="$(TurboModule_SourcePath)\ReactCommon\TurboModule.cpp">
      <Filter>internals</Filter>
    </ClCompile>
    <ClCompile Include="$(MSBuildThisFileDirectory)TurboModuleProvider.cpp">
      <Filter>internals</Filter>
    </ClCompile>
    <ClCompile Include="$(TurboModule_SourcePath)\ReactCommon\TurboModuleUtils.cpp">
      <Filter>internals</Filter>
    </ClCompile>
  </ItemGroup>
  <ItemGroup>
    <ClInclude Include="pch.h" />
    <ClInclude Include="PostgresDriverModule.h">
      <Filter>drivers</Filter>
    </ClInclude>
    <ClInclude Include="$(CallInvoker_SourcePath)\ReactCommon\CallInvoker.h">
      <Filter>internals</Filter>
    </ClInclude>
    <ClInclude Include="$(MSBuildThisFileDirectory)CppWinRTIncludes.h">
      <Filter>internals</Filter>
    </ClInclude>
    <ClInclude Include="$(MSBuildThisFileDirectory)Crash.h">
      <Filter>internals</Filter>
    </ClInclude>
    <ClInclude Include="$(MSBuildThisFileDirectory)DesktopWindowBridge.h">
      <Filter>internals</Filter>
    </ClInclude>
    <ClInclude Include="$(JSI_SourcePath)\jsi\instrumentation.h">
      <Filter>internals</Filter>
    </ClInclude>
    <ClInclude Include="$(JSI_SourcePath)\jsi\jsi.h">
      <Filter>internals</Filter>
    </ClInclude>
    <ClInclude Include="$(MSBuildThisFileDirectory)JSI\JsiAbiApi.h">
      <Filter>internals</Filter>
    </ClInclude>
    <ClInclude Include="$(MSBuildThisFileDirectory)JSI\JsiApiContext.h">
      <Filter>internals</Filter>
    </ClInclude>
    <ClInclude Include="$(JSI_SourcePath)\jsi\jsi-inl.h">
      <Filter>internals</Filter>
    </ClInclude>
    <ClInclude Include="$(MSBuildThisFileDirectory)JSValue.h">
      <Filter>internals</Filter>
    </ClInclude>
    <ClInclude Include="$(MSBuildThisFileDirectory)JSValueReader.h">
      <Filter>internals</Filter>
    </ClInclude>
    <ClInclude Include="$(MSBuildThisFileDirectory)JSValueTreeReader.h">
      <Filter>internals</Filter>
    </ClInclude>
    <ClInclude Include="$(MSBuildThisFileDirectory)JSValueTreeWriter.h">
      <Filter>internals</Filter>
    </ClInclude>
    <ClInclude Include="$(MSBuildThisFileDirectory)JSValueWriter.h">
      <Filter>internals</Filter>
    </ClInclude>
    <ClInclude Include="$(MSBuildThisFileDirectory)JSValueXaml.h">
      <Filter>internals</Filter>
    </ClInclude>
    <ClInclude Include="$(TurboModule_SourcePath)\ReactCommon\LongLivedObject.h">
      <Filter>internals</Filter>
    </ClInclude>
    <ClInclude Include="$(MSBuildThisFileDirectory)ModuleRegistration.h">
      <Filter>internals</Filter>
    </ClInclude>
    <ClInclude Include="$(MSBuildThisFileDirectory)NamespaceRedirect.h">
      <Filter>internals</Filter>
    </ClInclude>
    <ClInclude Include="$(MSBuildThisFileDirectory)NativeModules.h">
      <Filter>internals</Filter>
    </ClInclude>
    <ClInclude Include="$(MSBuildThisFileDirectory)XamlUtils.h">
      <Filter>internals</Filter>
    </ClInclude>
    <ClInclude Include="$(MSBuildThisFileDirectory)ReactContext.h">
      <Filter>internals</Filter>
    </ClInclude>
    <ClInclude Include="$(MSBuildThisFileDirectory)ReactDispatcher.h">
      <Filter>internals</Filter>
    </ClInclude>
    <ClInclude Include="$(MSBuildThisFileDirectory)ReactError.h">
      <Filter>internals</Filter>
    </ClInclude>
    <ClInclude Include="$(MSBuildThisFileDirectory)ReactHandleHelper.h">
      <Filter>internals</Filter>
    </ClInclude>
    <ClInclude Include="$(MSBuildThisFileDirectory)ReactNonAbiValue.h">
      <Filter>internals</Filter>
    </ClInclude>
    <ClInclude Include="$(MSBuildThisFileDirectory)ReactNotificationService.h">
      <Filter>internals</Filter>
    </ClInclude>
    <ClInclude Include="$(MSBuildThisFileDirectory)ReactPromise.h">
      <Filter>internals</Filter>
    </ClInclude>
    <ClInclude Include="$(MSBuildThisFileDirectory)ReactPropertyBag.h">
      <Filter>internals</Filter>
    </ClInclude>
    <ClInclude Include="$(MSBuildThisFileDirectory)StructInfo.h">
      <Filter>internals</Filter>
    </ClInclude>
    <ClInclude Include="$(TurboModule_SourcePath)\ReactCommon\TurboModule.h">
      <Filter>internals</Filter>
    </ClInclude>
    <ClInclude Include="$(MSBuildThisFileDirectory)TurboModuleProvider.h">
      <Filter>internals</Filter>
    </ClInclude>
    <ClInclude Include="$(TurboModule_SourcePath)\ReactCommon\TurboModuleUtils.h">
      <Filter>internals</Filter>
    </ClInclude>
    <ClInclude Include="$(MSBuildThisFileDirectory)UI.Composition.Effects.h">
      <Filter>internals</Filter>
    </ClInclude>
    <ClInclude Include="$(MSBuildThisFileDirectory)UI.Composition.h">
      <Filter>internals</Filter>
    </ClInclude>
    <ClInclude Include="$(MSBuildThisFileDirectory)UI.Input.h">
      <Filter>internals</Filter>
    </ClInclude>
    <ClInclude Include="$(MSBuildThisFileDirectory)UI.Popups.h">
      <Filter>internals</Filter>
    </ClInclude>
    <ClInclude Include="$(MSBuildThisFileDirectory)UI.Text.h">
      <Filter>internals</Filter>
    </ClInclude>
    <ClInclude Include="$(MSBuildThisFileDirectory)UI.Xaml.Automation.h">
      <Filter>internals</Filter>
    </ClInclude>
    <ClInclude Include="$(MSBuildThisFileDirectory)UI.Xaml.Automation.Peers.h">
      <Filter>internals</Filter>
    </ClInclude>
    <ClInclude Include="$(MSBuildThisFileDirectory)UI.Xaml.Controls.h">
      <Filter>internals</Filter>
    </ClInclude>
    <ClInclude Include="$(MSBuildThisFileDirectory)UI.Xaml.Controls.Primitives.h">
      <Filter>internals</Filter>
    </ClInclude>
    <ClInclude Include="$(MSBuildThisFileDirectory)UI.Xaml.Documents.h">
      <Filter>internals</Filter>
    </ClInclude>
    <ClInclude Include="$(MSBuildThisFileDirectory)UI.Xaml.Hosting.DesktopWindowXamlSource.h">
      <Filter>internals</Filter>
    </ClInclude>
    <ClInclude Include="$(MSBuildThisFileDirectory)UI.Xaml.Hosting.h">
      <Filter>internals</Filter>
    </ClInclude>
    <ClInclude Include="$(MSBuildThisFileDirectory)UI.Xaml.Input.h">
      <Filter>internals</Filter>
    </ClInclude>
    <ClInclude Include="$(MSBuildThisFileDirectory)UI.Xaml.Markup.h">
      <Filter>internals</Filter>
    </ClInclude>
    <ClInclude Include="$(MSBuildThisFileDirectory)UI.Xaml.Media.h">
      <Filter>internals</Filter>
    </ClInclude>
    <ClInclude Include="$(MSBuildThisFileDirectory)UI.Xaml.Media.Imaging.h">
      <Filter>internals</Filter>
    </ClInclude>
    <ClInclude Include="$(MSBuildThisFileDirectory)UI.Xaml.Media.Media3D.h">
      <Filter>internals</Filter>
    </ClInclude>
    <ClInclude Include="$(MSBuildThisFileDirectory)UI.Xaml.Navigation.h">
      <Filter>internals</Filter>
    </ClInclude>
    <ClInclude Include="$(MSBuildThisFileDirectory)UI.Xaml.Shapes.h">
      <Filter>internals</Filter>
    </ClInclude>
  </ItemGroup>
  <ItemGroup>
    <None Include="packages.config" />
    <None Include="$(MSBuildThisFileDirectory)README.md">
      <Filter>internals</Filter>
    </None>
  </ItemGroup>
  <ItemGroup>
    <None Include="PropertySheet.props" />
  </ItemGroup>
  <ItemGroup>
    <Midl Include="ReactPackageProvider.idl">
      <Filter>react</Filter>
    </Midl>
  </ItemGroup>
</Project>